
Microsoft Visual Studio Solution File, Format Version 12.00
# Visual Studio Version 17
VisualStudioVersion = 17.14.36518.9 d17.14
MinimumVisualStudioVersion = 10.0.40219.1
Project("{00D1A9C2-B5F0-4AF3-8072-F6C62B433612}") = "RepairingSchedule", "RapairingSchedule\RepairingSchedule.sqlproj", "{8B3D953C-F439-4B5A-B176-6A37611D27AD}"
EndProject
Global
	GlobalSection(SolutionConfigurationPlatforms) = preSolution
		Debug|Any CPU = Debug|Any CPU
		Release|Any CPU = Release|Any CPU
	EndGlobalSection
	GlobalSection(ProjectConfigurationPlatforms) = postSolution
		{8B3D953C-F439-4B5A-B176-6A37611D27AD}.Debug|Any CPU.ActiveCfg = Debug|Any CPU
		{8B3D953C-F439-4B5A-B176-6A37611D27AD}.Debug|Any CPU.Build.0 = Debug|Any CPU
		{8B3D953C-F439-4B5A-B176-6A37611D27AD}.Debug|Any CPU.Deploy.0 = Debug|Any CPU
		{8B3D953C-F439-4B5A-B176-6A37611D27AD}.Release|Any CPU.ActiveCfg = Release|Any CPU
		{8B3D953C-F439-4B5A-B176-6A37611D27AD}.Release|Any CPU.Build.0 = Release|Any CPU
		{8B3D953C-F439-4B5A-B176-6A37611D27AD}.Release|Any CPU.Deploy.0 = Release|Any CPU
	EndGlobalSection
	GlobalSection(SolutionProperties) = preSolution
		HideSolutionNode = FALSE
	EndGlobalSection
	GlobalSection(ExtensibilityGlobals) = postSolution
		SolutionGuid = {32C7AF47-28D9-4EFE-BC19-A24C227B7D67}
	EndGlobalSection
EndGlobal
